{
  "lockfileVersion": 1,
  "configVersion": 1,
  "workspaces": {
    "": {
      "name": "kp-astrology-api",
      "dependencies": {
        "@roxyapi/sdk": "^1.2.45",
      },
    },
  },
  "packages": {
    "@roxyapi/sdk": ["@roxyapi/sdk@1.2.76", "", {}, "sha512-HvWYlVs6cH/b1yrlPklZLLyPCEGAMlQvbDzF+8SRq+xbW8K5dpcWvq5yS2jCNQvL8L2Ix3PoyxgbWuLpe8KoGw=="],
  }
}
